version: 4
environments:
  default:
    channels:
    - url: https://conda.anaconda.org/conda-forge/
    packages:
      linux-64:
      - conda: https://conda.anaconda.org/conda-forge/linux-64/_libgcc_mutex-0.1-conda_forge.tar.bz2
      - conda: https://conda.anaconda.org/conda-forge/linux-64/_openmp_mutex-4.5-2_gnu.tar.bz2
      - conda: https://conda.anaconda.org/conda-forge/linux-64/bzip2-1.0.8-hd590300_5.conda
      - conda: https://conda.anaconda.org/conda-forge/linux-64/ca-certificates-2024.2.2-hbcca054_0.conda
      - conda: https://conda.anaconda.org/conda-forge/linux-64/greenlet-3.0.3-py312h30efb56_0.conda
      - conda: https://conda.anaconda.org/conda-forge/linux-64/keyutils-1.6.1-h166bdaf_0.tar.bz2
      - conda: https://conda.anaconda.org/conda-forge/linux-64/krb5-1.21.2-h659d440_0.conda
      - conda: https://conda.anaconda.org/conda-forge/linux-64/ld_impl_linux-64-2.40-h41732ed_0.conda
      - conda: https://conda.anaconda.org/conda-forge/linux-64/libedit-3.1.20191231-he28a2e2_2.tar.bz2
      - conda: https://conda.anaconda.org/conda-forge/linux-64/libexpat-2.6.2-h59595ed_0.conda
      - conda: https://conda.anaconda.org/conda-forge/linux-64/libffi-3.4.2-h7f98852_5.tar.bz2
      - conda: https://conda.anaconda.org/conda-forge/linux-64/libgcc-ng-13.2.0-h807b86a_5.conda
      - conda: https://conda.anaconda.org/conda-forge/linux-64/libgomp-13.2.0-h807b86a_5.conda
      - conda: https://conda.anaconda.org/conda-forge/linux-64/libnsl-2.0.1-hd590300_0.conda
      - conda: https://conda.anaconda.org/conda-forge/linux-64/libpq-16.2-h33b98f1_1.conda
      - conda: https://conda.anaconda.org/conda-forge/linux-64/libsqlite-3.45.2-h2797004_0.conda
      - conda: https://conda.anaconda.org/conda-forge/linux-64/libstdcxx-ng-13.2.0-h7e041cc_5.conda
      - conda: https://conda.anaconda.org/conda-forge/linux-64/libuuid-2.38.1-h0b41bf4_0.conda
      - conda: https://conda.anaconda.org/conda-forge/linux-64/libxcrypt-4.4.36-hd590300_1.conda
      - conda: https://conda.anaconda.org/conda-forge/linux-64/libzlib-1.2.13-hd590300_5.conda
      - conda: https://conda.anaconda.org/conda-forge/linux-64/ncurses-6.4.20240210-h59595ed_0.conda
      - conda: https://conda.anaconda.org/conda-forge/linux-64/openssl-3.2.1-hd590300_1.conda
      - conda: https://conda.anaconda.org/conda-forge/linux-64/psycopg2-2.9.9-py312h08590aa_0.conda
      - conda: https://conda.anaconda.org/conda-forge/linux-64/pydantic-core-2.16.3-py312h4b3b743_0.conda
      - conda: https://conda.anaconda.org/conda-forge/linux-64/pymongo-4.6.3-py312h30efb56_0.conda
      - conda: https://conda.anaconda.org/conda-forge/linux-64/python-3.12.2-hab00c5b_0_cpython.conda
      - conda: https://conda.anaconda.org/conda-forge/linux-64/python_abi-3.12-4_cp312.conda
      - conda: https://conda.anaconda.org/conda-forge/linux-64/readline-8.2-h8228510_1.conda
      - conda: https://conda.anaconda.org/conda-forge/linux-64/sqlalchemy-2.0.29-py312h98912ed_0.conda
      - conda: https://conda.anaconda.org/conda-forge/linux-64/tk-8.6.13-noxft_h4845f30_101.conda
      - conda: https://conda.anaconda.org/conda-forge/linux-64/unicorn-2.0.1.post1-hd590300_6.conda
      - conda: https://conda.anaconda.org/conda-forge/linux-64/uvicorn-0.29.0-py312h7900ff3_0.conda
      - conda: https://conda.anaconda.org/conda-forge/linux-64/xz-5.2.6-h166bdaf_0.tar.bz2
      - conda: https://conda.anaconda.org/conda-forge/noarch/annotated-types-0.6.0-pyhd8ed1ab_0.conda
      - conda: https://conda.anaconda.org/conda-forge/noarch/anyio-4.3.0-pyhd8ed1ab_0.conda
      - conda: https://conda.anaconda.org/conda-forge/noarch/click-8.1.7-unix_pyh707e725_0.conda
      - conda: https://conda.anaconda.org/conda-forge/noarch/dnspython-2.6.1-pyhd8ed1ab_1.conda
      - conda: https://conda.anaconda.org/conda-forge/noarch/exceptiongroup-1.2.0-pyhd8ed1ab_2.conda
      - conda: https://conda.anaconda.org/conda-forge/noarch/fastapi-0.110.1-pyhd8ed1ab_1.conda
      - conda: https://conda.anaconda.org/conda-forge/noarch/h11-0.14.0-pyhd8ed1ab_0.tar.bz2
      - conda: https://conda.anaconda.org/conda-forge/noarch/idna-3.6-pyhd8ed1ab_0.conda
      - conda: https://conda.anaconda.org/conda-forge/noarch/importlib-metadata-7.1.0-pyha770c72_0.conda
      - conda: https://conda.anaconda.org/conda-forge/noarch/inflect-7.0.0-pyhd8ed1ab_0.conda
      - conda: https://conda.anaconda.org/conda-forge/noarch/pydantic-2.6.4-pyhd8ed1ab_0.conda
      - conda: https://conda.anaconda.org/conda-forge/noarch/sniffio-1.3.1-pyhd8ed1ab_0.conda
      - conda: https://conda.anaconda.org/conda-forge/noarch/starlette-0.37.2-pyhd8ed1ab_0.conda
      - conda: https://conda.anaconda.org/conda-forge/noarch/typing-extensions-4.11.0-hd8ed1ab_0.conda
      - conda: https://conda.anaconda.org/conda-forge/noarch/typing_extensions-4.11.0-pyha770c72_0.conda
      - conda: https://conda.anaconda.org/conda-forge/noarch/tzdata-2024a-h0c530f3_0.conda
      - conda: https://conda.anaconda.org/conda-forge/noarch/zipp-3.17.0-pyhd8ed1ab_0.conda
packages:
- kind: conda
  name: _libgcc_mutex
  version: '0.1'
  build: conda_forge
  subdir: linux-64
  url: https://conda.anaconda.org/conda-forge/linux-64/_libgcc_mutex-0.1-conda_forge.tar.bz2
  sha256: fe51de6107f9edc7aa4f786a70f4a883943bc9d39b3bb7307c04c41410990726
  md5: d7c89558ba9fa0495403155b64376d81
  license: None
  size: 2562
  timestamp: 1578324546067
- kind: conda
  name: _openmp_mutex
  version: '4.5'
  build: 2_gnu
  build_number: 16
  subdir: linux-64
  url: https://conda.anaconda.org/conda-forge/linux-64/_openmp_mutex-4.5-2_gnu.tar.bz2
  sha256: fbe2c5e56a653bebb982eda4876a9178aedfc2b545f25d0ce9c4c0b508253d22
  md5: 73aaf86a425cc6e73fcf236a5a46396d
  depends:
  - _libgcc_mutex 0.1 conda_forge
  - libgomp >=7.5.0
  constrains:
  - openmp_impl 9999
  license: BSD-3-Clause
  license_family: BSD
  size: 23621
  timestamp: 1650670423406
- kind: conda
  name: annotated-types
  version: 0.6.0
  build: pyhd8ed1ab_0
  subdir: noarch
  noarch: python
  url: https://conda.anaconda.org/conda-forge/noarch/annotated-types-0.6.0-pyhd8ed1ab_0.conda
  sha256: 3a2c98154d95cfd54daba6b7d507d31f5ba07ac2ad955c44eb041b66563193cd
  md5: 997c29372bdbe2afee073dff71f35923
  depends:
  - python >=3.7
  - typing-extensions >=4.0.0
  license: MIT
  license_family: MIT
  size: 17026
  timestamp: 1696634393637
- kind: conda
  name: anyio
  version: 4.3.0
  build: pyhd8ed1ab_0
  subdir: noarch
  noarch: python
  url: https://conda.anaconda.org/conda-forge/noarch/anyio-4.3.0-pyhd8ed1ab_0.conda
  sha256: 86aca4a31c09f9b4dbdb332cd9a6a7dbab62ca734d3f832651c0ab59c6a7f52e
  md5: ac95aa8ed65adfdde51132595c79aade
  depends:
  - exceptiongroup >=1.0.2
  - idna >=2.8
  - python >=3.8
  - sniffio >=1.1
  - typing_extensions >=4.1
  constrains:
  - trio >=0.23
  - uvloop >=0.17
  license: MIT
  license_family: MIT
  size: 102331
  timestamp: 1708355504396
- kind: conda
  name: bzip2
  version: 1.0.8
  build: hd590300_5
  build_number: 5
  subdir: linux-64
  url: https://conda.anaconda.org/conda-forge/linux-64/bzip2-1.0.8-hd590300_5.conda
  sha256: 242c0c324507ee172c0e0dd2045814e746bb303d1eb78870d182ceb0abc726a8
  md5: 69b8b6202a07720f448be700e300ccf4
  depends:
  - libgcc-ng >=12
  license: bzip2-1.0.6
  license_family: BSD
  size: 254228
  timestamp: 1699279927352
- kind: conda
  name: ca-certificates
  version: 2024.2.2
  build: hbcca054_0
  subdir: linux-64
  url: https://conda.anaconda.org/conda-forge/linux-64/ca-certificates-2024.2.2-hbcca054_0.conda
  sha256: 91d81bfecdbb142c15066df70cc952590ae8991670198f92c66b62019b251aeb
  md5: 2f4327a1cbe7f022401b236e915a5fef
  license: ISC
  size: 155432
  timestamp: 1706843687645
- kind: conda
  name: click
  version: 8.1.7
  build: unix_pyh707e725_0
  subdir: noarch
  noarch: python
  url: https://conda.anaconda.org/conda-forge/noarch/click-8.1.7-unix_pyh707e725_0.conda
  sha256: f0016cbab6ac4138a429e28dbcb904a90305b34b3fe41a9b89d697c90401caec
  md5: f3ad426304898027fc619827ff428eca
  depends:
  - __unix
  - python >=3.8
  license: BSD-3-Clause
  license_family: BSD
  size: 84437
  timestamp: 1692311973840
- kind: conda
  name: dnspython
  version: 2.6.1
  build: pyhd8ed1ab_1
  build_number: 1
  subdir: noarch
  noarch: python
  url: https://conda.anaconda.org/conda-forge/noarch/dnspython-2.6.1-pyhd8ed1ab_1.conda
  sha256: 0d52c878553e569bccfbd96472c1659fb873bc05e95911b457d35982827626fe
  md5: 936e6aadb75534384d11d982fab74b61
  depends:
  - python >=3.8.0,<4.0.0
  - sniffio
  constrains:
  - h2 >=4.1.0
  - httpcore >=1.0.0
  - wmi >=1.5.1
  - trio >=0.23
  - aioquic >=0.9.25
  - cryptography >=42
  - idna >=3.6
  - httpx >=0.26.0
  license: ISC
  license_family: OTHER
  size: 169434
  timestamp: 1709190848615
- kind: conda
  name: exceptiongroup
  version: 1.2.0
  build: pyhd8ed1ab_2
  build_number: 2
  subdir: noarch
  noarch: python
  url: https://conda.anaconda.org/conda-forge/noarch/exceptiongroup-1.2.0-pyhd8ed1ab_2.conda
  sha256: a6ae416383bda0e3ed14eaa187c653e22bec94ff2aa3b56970cdf0032761e80d
  md5: 8d652ea2ee8eaee02ed8dc820bc794aa
  depends:
  - python >=3.7
  license: MIT and PSF-2.0
  size: 20551
  timestamp: 1704921321122
- kind: conda
  name: fastapi
  version: 0.110.1
  build: pyhd8ed1ab_1
  build_number: 1
  subdir: noarch
  noarch: python
  url: https://conda.anaconda.org/conda-forge/noarch/fastapi-0.110.1-pyhd8ed1ab_1.conda
  sha256: f91168f03b8a309c5552a9c03d79e7008969fba26fac8298b219db107870d266
  md5: ee49463da236ac7ef8d8288fd9970256
  depends:
  - pydantic >=1.7.4,!=1.8,!=1.8.1,!=2.0.0,!=2.0.1,!=2.1.0,<3.0.0
  - python >=3.8
  - starlette >=0.37.2,<0.38.0
  - typing-extensions >=4.8.0
  license: MIT
  license_family: MIT
  size: 70467
  timestamp: 1712541109832
- kind: conda
  name: greenlet
  version: 3.0.3
  build: py312h30efb56_0
  subdir: linux-64
  url: https://conda.anaconda.org/conda-forge/linux-64/greenlet-3.0.3-py312h30efb56_0.conda
  sha256: d1f468de132417856035d723eb91f565eba37b48c161f3ada96e6a1df24267b9
  md5: a8a85268e01ddee952f4105f3a8122a4
  depends:
  - libgcc-ng >=12
  - libstdcxx-ng >=12
  - python >=3.12,<3.13.0a0
  - python_abi 3.12.* *_cp312
  license: MIT
  license_family: MIT
  size: 233067
  timestamp: 1703201779255
- kind: conda
  name: h11
  version: 0.14.0
  build: pyhd8ed1ab_0
  subdir: noarch
  noarch: python
  url: https://conda.anaconda.org/conda-forge/noarch/h11-0.14.0-pyhd8ed1ab_0.tar.bz2
  sha256: 817d2c77d53afe3f3d9cf7f6eb8745cdd8ea76c7adaa9d7ced75c455a2c2c085
  md5: b21ed0883505ba1910994f1df031a428
  depends:
  - python >=3
  - typing_extensions
  license: MIT
  license_family: MIT
  size: 48251
  timestamp: 1664132995560
- kind: conda
  name: idna
  version: '3.6'
  build: pyhd8ed1ab_0
  subdir: noarch
  noarch: python
  url: https://conda.anaconda.org/conda-forge/noarch/idna-3.6-pyhd8ed1ab_0.conda
  sha256: 6ee4c986d69ce61e60a20b2459b6f2027baeba153f0a64995fd3cb47c2cc7e07
  md5: 1a76f09108576397c41c0b0c5bd84134
  depends:
  - python >=3.6
  license: BSD-3-Clause
  license_family: BSD
  size: 50124
  timestamp: 1701027126206
- kind: conda
  name: importlib-metadata
  version: 7.1.0
  build: pyha770c72_0
  subdir: noarch
  noarch: python
  url: https://conda.anaconda.org/conda-forge/noarch/importlib-metadata-7.1.0-pyha770c72_0.conda
  sha256: cc2e7d1f7f01cede30feafc1118b7aefa244d0a12224513734e24165ae12ba49
  md5: 0896606848b2dc5cebdf111b6543aa04
  depends:
  - python >=3.8
  - zipp >=0.5
  license: Apache-2.0
  license_family: APACHE
  size: 27043
  timestamp: 1710971498183
- kind: conda
  name: inflect
  version: 7.0.0
  build: pyhd8ed1ab_0
  subdir: noarch
  noarch: python
  url: https://conda.anaconda.org/conda-forge/noarch/inflect-7.0.0-pyhd8ed1ab_0.conda
  sha256: 16904581fcd974a93b73b3624b8e51722730b06c1a9889b371403b7651155376
  md5: 94550515530d4bca87983dc4e37065a9
  depends:
  - importlib-metadata
  - pydantic
  - python >=3.7
  license: MIT
  license_family: MIT
  size: 37727
  timestamp: 1688488928755
- kind: conda
  name: keyutils
  version: 1.6.1
  build: h166bdaf_0
  subdir: linux-64
  url: https://conda.anaconda.org/conda-forge/linux-64/keyutils-1.6.1-h166bdaf_0.tar.bz2
  sha256: 150c05a6e538610ca7c43beb3a40d65c90537497a4f6a5f4d15ec0451b6f5ebb
  md5: 30186d27e2c9fa62b45fb1476b7200e3
  depends:
  - libgcc-ng >=10.3.0
  license: LGPL-2.1-or-later
  size: 117831
  timestamp: 1646151697040
- kind: conda
  name: krb5
  version: 1.21.2
  build: h659d440_0
  subdir: linux-64
  url: https://conda.anaconda.org/conda-forge/linux-64/krb5-1.21.2-h659d440_0.conda
  sha256: 259bfaae731989b252b7d2228c1330ef91b641c9d68ff87dae02cbae682cb3e4
  md5: cd95826dbd331ed1be26bdf401432844
  depends:
  - keyutils >=1.6.1,<2.0a0
  - libedit >=3.1.20191231,<3.2.0a0
  - libedit >=3.1.20191231,<4.0a0
  - libgcc-ng >=12
  - libstdcxx-ng >=12
  - openssl >=3.1.2,<4.0a0
  license: MIT
  license_family: MIT
  size: 1371181
  timestamp: 1692097755782
- kind: conda
  name: ld_impl_linux-64
  version: '2.40'
  build: h41732ed_0
  subdir: linux-64
  url: https://conda.anaconda.org/conda-forge/linux-64/ld_impl_linux-64-2.40-h41732ed_0.conda
  sha256: f6cc89d887555912d6c61b295d398cff9ec982a3417d38025c45d5dd9b9e79cd
  md5: 7aca3059a1729aa76c597603f10b0dd3
  constrains:
  - binutils_impl_linux-64 2.40
  license: GPL-3.0-only
  license_family: GPL
  size: 704696
  timestamp: 1674833944779
- kind: conda
  name: libedit
  version: 3.1.20191231
  build: he28a2e2_2
  build_number: 2
  subdir: linux-64
  url: https://conda.anaconda.org/conda-forge/linux-64/libedit-3.1.20191231-he28a2e2_2.tar.bz2
  sha256: a57d37c236d8f7c886e01656f4949d9dcca131d2a0728609c6f7fa338b65f1cf
  md5: 4d331e44109e3f0e19b4cb8f9b82f3e1
  depends:
  - libgcc-ng >=7.5.0
  - ncurses >=6.2,<7.0.0a0
  license: BSD-2-Clause
  license_family: BSD
  size: 123878
  timestamp: 1597616541093
- kind: conda
  name: libexpat
  version: 2.6.2
  build: h59595ed_0
  subdir: linux-64
  url: https://conda.anaconda.org/conda-forge/linux-64/libexpat-2.6.2-h59595ed_0.conda
  sha256: 331bb7c7c05025343ebd79f86ae612b9e1e74d2687b8f3179faec234f986ce19
  md5: e7ba12deb7020dd080c6c70e7b6f6a3d
  depends:
  - libgcc-ng >=12
  constrains:
  - expat 2.6.2.*
  license: MIT
  license_family: MIT
  size: 73730
  timestamp: 1710362120304
- kind: conda
  name: libffi
  version: 3.4.2
  build: h7f98852_5
  build_number: 5
  subdir: linux-64
  url: https://conda.anaconda.org/conda-forge/linux-64/libffi-3.4.2-h7f98852_5.tar.bz2
  sha256: ab6e9856c21709b7b517e940ae7028ae0737546122f83c2aa5d692860c3b149e
  md5: d645c6d2ac96843a2bfaccd2d62b3ac3
  depends:
  - libgcc-ng >=9.4.0
  license: MIT
  license_family: MIT
  size: 58292
  timestamp: 1636488182923
- kind: conda
  name: libgcc-ng
  version: 13.2.0
  build: h807b86a_5
  build_number: 5
  subdir: linux-64
  url: https://conda.anaconda.org/conda-forge/linux-64/libgcc-ng-13.2.0-h807b86a_5.conda
  sha256: d32f78bfaac282cfe5205f46d558704ad737b8dbf71f9227788a5ca80facaba4
  md5: d4ff227c46917d3b4565302a2bbb276b
  depends:
  - _libgcc_mutex 0.1 conda_forge
  - _openmp_mutex >=4.5
  constrains:
  - libgomp 13.2.0 h807b86a_5
  license: GPL-3.0-only WITH GCC-exception-3.1
  license_family: GPL
  size: 770506
  timestamp: 1706819192021
- kind: conda
  name: libgomp
  version: 13.2.0
  build: h807b86a_5
  build_number: 5
  subdir: linux-64
  url: https://conda.anaconda.org/conda-forge/linux-64/libgomp-13.2.0-h807b86a_5.conda
  sha256: 0d3d4b1b0134283ea02d58e8eb5accf3655464cf7159abf098cc694002f8d34e
  md5: d211c42b9ce49aee3734fdc828731689
  depends:
  - _libgcc_mutex 0.1 conda_forge
  license: GPL-3.0-only WITH GCC-exception-3.1
  license_family: GPL
  size: 419751
  timestamp: 1706819107383
- kind: conda
  name: libnsl
  version: 2.0.1
  build: hd590300_0
  subdir: linux-64
  url: https://conda.anaconda.org/conda-forge/linux-64/libnsl-2.0.1-hd590300_0.conda
  sha256: 26d77a3bb4dceeedc2a41bd688564fe71bf2d149fdcf117049970bc02ff1add6
  md5: 30fd6e37fe21f86f4bd26d6ee73eeec7
  depends:
  - libgcc-ng >=12
  license: LGPL-2.1-only
  license_family: GPL
  size: 33408
  timestamp: 1697359010159
- kind: conda
  name: libpq
  version: '16.2'
  build: h33b98f1_1
  build_number: 1
  subdir: linux-64
  url: https://conda.anaconda.org/conda-forge/linux-64/libpq-16.2-h33b98f1_1.conda
  sha256: e03a8439b79e013840c44c957d37dbce10316888b2b5dc7dcfcfc0cfe3a3b128
  md5: 9e49ec2a61d02623b379dc332eb6889d
  depends:
  - krb5 >=1.21.2,<1.22.0a0
  - libgcc-ng >=12
  - openssl >=3.2.1,<4.0a0
  license: PostgreSQL
  size: 2601973
  timestamp: 1710863646063
- kind: conda
  name: libsqlite
  version: 3.45.2
  build: h2797004_0
  subdir: linux-64
  url: https://conda.anaconda.org/conda-forge/linux-64/libsqlite-3.45.2-h2797004_0.conda
  sha256: 8cdbeb7902729e319510a82d7c642402981818702b58812af265ef55d1315473
  md5: 866983a220e27a80cb75e85cb30466a1
  depends:
  - libgcc-ng >=12
  - libzlib >=1.2.13,<1.3.0a0
  license: Unlicense
  size: 857489
  timestamp: 1710254744982
- kind: conda
  name: libstdcxx-ng
  version: 13.2.0
  build: h7e041cc_5
  build_number: 5
  subdir: linux-64
  url: https://conda.anaconda.org/conda-forge/linux-64/libstdcxx-ng-13.2.0-h7e041cc_5.conda
  sha256: a56c5b11f1e73a86e120e6141a42d9e935a99a2098491ac9e15347a1476ce777
  md5: f6f6600d18a4047b54f803cf708b868a
  license: GPL-3.0-only WITH GCC-exception-3.1
  license_family: GPL
  size: 3834139
  timestamp: 1706819252496
- kind: conda
  name: libuuid
  version: 2.38.1
  build: h0b41bf4_0
  subdir: linux-64
  url: https://conda.anaconda.org/conda-forge/linux-64/libuuid-2.38.1-h0b41bf4_0.conda
  sha256: 787eb542f055a2b3de553614b25f09eefb0a0931b0c87dbcce6efdfd92f04f18
  md5: 40b61aab5c7ba9ff276c41cfffe6b80b
  depends:
  - libgcc-ng >=12
  license: BSD-3-Clause
  license_family: BSD
  size: 33601
  timestamp: 1680112270483
- kind: conda
  name: libxcrypt
  version: 4.4.36
  build: hd590300_1
  build_number: 1
  subdir: linux-64
  url: https://conda.anaconda.org/conda-forge/linux-64/libxcrypt-4.4.36-hd590300_1.conda
  sha256: 6ae68e0b86423ef188196fff6207ed0c8195dd84273cb5623b85aa08033a410c
  md5: 5aa797f8787fe7a17d1b0821485b5adc
  depends:
  - libgcc-ng >=12
  license: LGPL-2.1-or-later
  size: 100393
  timestamp: 1702724383534
- kind: conda
  name: libzlib
  version: 1.2.13
  build: hd590300_5
  build_number: 5
  subdir: linux-64
  url: https://conda.anaconda.org/conda-forge/linux-64/libzlib-1.2.13-hd590300_5.conda
  sha256: 370c7c5893b737596fd6ca0d9190c9715d89d888b8c88537ae1ef168c25e82e4
  md5: f36c115f1ee199da648e0597ec2047ad
  depends:
  - libgcc-ng >=12
  constrains:
  - zlib 1.2.13 *_5
  license: Zlib
  license_family: Other
  size: 61588
  timestamp: 1686575217516
- kind: conda
  name: ncurses
  version: 6.4.20240210
  build: h59595ed_0
  subdir: linux-64
  url: https://conda.anaconda.org/conda-forge/linux-64/ncurses-6.4.20240210-h59595ed_0.conda
  sha256: aa0f005b6727aac6507317ed490f0904430584fa8ca722657e7f0fb94741de81
  md5: 97da8860a0da5413c7c98a3b3838a645
  depends:
  - libgcc-ng >=12
  license: X11 AND BSD-3-Clause
  size: 895669
  timestamp: 1710866638986
- kind: conda
  name: openssl
  version: 3.2.1
  build: hd590300_1
  build_number: 1
  subdir: linux-64
  url: https://conda.anaconda.org/conda-forge/linux-64/openssl-3.2.1-hd590300_1.conda
  sha256: 2c689444ed19a603be457284cf2115ee728a3fafb7527326e96054dee7cdc1a7
  md5: 9d731343cff6ee2e5a25c4a091bf8e2a
  depends:
  - ca-certificates
  - libgcc-ng >=12
  constrains:
  - pyopenssl >=22.1
  license: Apache-2.0
  license_family: Apache
  size: 2865379
  timestamp: 1710793235846
- kind: conda
  name: psycopg2
  version: 2.9.9
  build: py312h08590aa_0
  subdir: linux-64
  url: https://conda.anaconda.org/conda-forge/linux-64/psycopg2-2.9.9-py312h08590aa_0.conda
  sha256: f2c21db09e411331a9d741b46ecbc6f4ee3571f173c6014ceac0cbbc17eb5e5b
  md5: 04c845846381625e95c88d013edfda21
  depends:
  - libgcc-ng >=12
  - libpq >=16.1,<17.0a0
  - python >=3.12,<3.13.0a0
  - python_abi 3.12.* *_cp312
  license: LGPL-3.0-or-later
  license_family: LGPL
  size: 188527
  timestamp: 1701737750002
- kind: conda
  name: pydantic
  version: 2.6.4
  build: pyhd8ed1ab_0
  subdir: noarch
  noarch: python
  url: https://conda.anaconda.org/conda-forge/noarch/pydantic-2.6.4-pyhd8ed1ab_0.conda
  sha256: 9747044e91a607c175bbce67fdb5865de5373151098bbb4a2cd79bc05666a299
  md5: 2e8e9f16431085f4b5a218b31fe557a3
  depends:
  - annotated-types >=0.4.0
  - pydantic-core 2.16.3
  - python >=3.7
  - typing-extensions >=4.6.1
  license: MIT
  license_family: MIT
  size: 271508
  timestamp: 1710622392396
- kind: conda
  name: pydantic-core
  version: 2.16.3
  build: py312h4b3b743_0
  subdir: linux-64
  url: https://conda.anaconda.org/conda-forge/linux-64/pydantic-core-2.16.3-py312h4b3b743_0.conda
  sha256: 1a20fada51e2edd5019900b566a7140ab07e1fc687fbd12f6a5f344295846d93
  md5: 891952a48cded31e909dac06a1e0311f
  depends:
  - libgcc-ng >=12
  - python >=3.12,<3.13.0a0
  - python_abi 3.12.* *_cp312
  - typing-extensions >=4.6.0,!=4.7.0
  license: MIT
  license_family: MIT
  size: 1638828
  timestamp: 1708701163582
- kind: conda
  name: pymongo
  version: 4.6.3
  build: py312h30efb56_0
  subdir: linux-64
  url: https://conda.anaconda.org/conda-forge/linux-64/pymongo-4.6.3-py312h30efb56_0.conda
  sha256: 5a555254e44fffe5a1673a97924a9c0493cebba5e036c7a33097df5b4972bc5a
  md5: 671626ab76d5c8383c09f6b41a67785f
  depends:
  - dnspython >=1.16.0,<3.0.0
  - libgcc-ng >=12
  - libstdcxx-ng >=12
  - python >=3.12,<3.13.0a0
  - python_abi 3.12.* *_cp312
  license: Apache-2.0
  license_family: APACHE
  size: 1790546
  timestamp: 1711625059131
- kind: conda
  name: python
  version: 3.12.2
  build: hab00c5b_0_cpython
  subdir: linux-64
  url: https://conda.anaconda.org/conda-forge/linux-64/python-3.12.2-hab00c5b_0_cpython.conda
  sha256: ddb7a2d8d78046bda5d7631e6814f9468d2eb054e10f86f4648c9d1fdaa30c0f
  md5: ad7b68400f3a6ebe72b00be093c7f301
  depends:
  - bzip2 >=1.0.8,<2.0a0
  - ld_impl_linux-64 >=2.36.1
  - libexpat >=2.5.0,<3.0a0
  - libffi >=3.4,<4.0a0
  - libgcc-ng >=12
  - libnsl >=2.0.1,<2.1.0a0
  - libsqlite >=3.45.1,<4.0a0
  - libuuid >=2.38.1,<3.0a0
  - libxcrypt >=4.4.36
  - libzlib >=1.2.13,<1.3.0a0
  - ncurses >=6.4,<7.0a0
  - openssl >=3.2.1,<4.0a0
  - readline >=8.2,<9.0a0
  - tk >=8.6.13,<8.7.0a0
  - tzdata
  - xz >=5.2.6,<6.0a0
  constrains:
  - python_abi 3.12.* *_cp312
  license: Python-2.0
  size: 32312631
  timestamp: 1708118077305
- kind: conda
  name: python_abi
  version: '3.12'
  build: 4_cp312
  build_number: 4
  subdir: linux-64
  url: https://conda.anaconda.org/conda-forge/linux-64/python_abi-3.12-4_cp312.conda
  sha256: 182a329de10a4165f6e8a3804caf751f918f6ea6176dd4e5abcdae1ed3095bf6
  md5: dccc2d142812964fcc6abdc97b672dff
  constrains:
  - python 3.12.* *_cpython
  license: BSD-3-Clause
  license_family: BSD
  size: 6385
  timestamp: 1695147396604
- kind: conda
  name: readline
  version: '8.2'
  build: h8228510_1
  build_number: 1
  subdir: linux-64
  url: https://conda.anaconda.org/conda-forge/linux-64/readline-8.2-h8228510_1.conda
  sha256: 5435cf39d039387fbdc977b0a762357ea909a7694d9528ab40f005e9208744d7
  md5: 47d31b792659ce70f470b5c82fdfb7a4
  depends:
  - libgcc-ng >=12
  - ncurses >=6.3,<7.0a0
  license: GPL-3.0-only
  license_family: GPL
  size: 281456
  timestamp: 1679532220005
- kind: conda
  name: sniffio
  version: 1.3.1
  build: pyhd8ed1ab_0
  subdir: noarch
  noarch: python
  url: https://conda.anaconda.org/conda-forge/noarch/sniffio-1.3.1-pyhd8ed1ab_0.conda
  sha256: bc12100b2d8836b93c55068b463190505b8064d0fc7d025e89f20ebf22fe6c2b
  md5: 490730480d76cf9c8f8f2849719c6e2b
  depends:
  - python >=3.7
  license: Apache-2.0
  license_family: Apache
  size: 15064
  timestamp: 1708953086199
- kind: conda
  name: sqlalchemy
  version: 2.0.29
  build: py312h98912ed_0
  subdir: linux-64
  url: https://conda.anaconda.org/conda-forge/linux-64/sqlalchemy-2.0.29-py312h98912ed_0.conda
  sha256: cd944711e77a8c3ed370ee1bec0d38b4e9dc63bb943af52fe3e755c14e087c36
  md5: b18ff63399e43ba12d419686720ded36
  depends:
  - greenlet !=0.4.17
  - libgcc-ng >=12
  - python >=3.12,<3.13.0a0
  - python_abi 3.12.* *_cp312
  - typing-extensions >=4.6.0
  license: MIT
  license_family: MIT
  size: 3445055
  timestamp: 1711289941043
- kind: conda
  name: starlette
  version: 0.37.2
  build: pyhd8ed1ab_0
  subdir: noarch
  noarch: python
  url: https://conda.anaconda.org/conda-forge/noarch/starlette-0.37.2-pyhd8ed1ab_0.conda
  sha256: de3c43075fdc33c90cd8034e440638904268c46023dc2b14921a8355415dc40e
  md5: 7e5550dfa3ed2c2019988cbb9f8302ea
  depends:
  - anyio <5,>=3.4.0
  - python >=3.8
  - typing_extensions >=3.10.0
  license: BSD-3-Clause
  license_family: BSD
  size: 57620
  timestamp: 1709667193131
- kind: conda
  name: tk
  version: 8.6.13
  build: noxft_h4845f30_101
  build_number: 101
  subdir: linux-64
  url: https://conda.anaconda.org/conda-forge/linux-64/tk-8.6.13-noxft_h4845f30_101.conda
  sha256: e0569c9caa68bf476bead1bed3d79650bb080b532c64a4af7d8ca286c08dea4e
  md5: d453b98d9c83e71da0741bb0ff4d76bc
  depends:
  - libgcc-ng >=12
  - libzlib >=1.2.13,<1.3.0a0
  license: TCL
  license_family: BSD
  size: 3318875
  timestamp: 1699202167581
- kind: conda
  name: typing-extensions
  version: 4.11.0
  build: hd8ed1ab_0
  subdir: noarch
  noarch: python
  url: https://conda.anaconda.org/conda-forge/noarch/typing-extensions-4.11.0-hd8ed1ab_0.conda
  sha256: aecbd9c601ba5a6c128da8975276fd817b968a9edc969b7ae97aee76e80a14a6
  md5: 471e3988f8ca5e9eb3ce6be7eac3bcee
  depends:
  - typing_extensions 4.11.0 pyha770c72_0
  license: PSF-2.0
  license_family: PSF
  size: 10093
  timestamp: 1712330094282
- kind: conda
  name: typing_extensions
  version: 4.11.0
  build: pyha770c72_0
  subdir: noarch
  noarch: python
  url: https://conda.anaconda.org/conda-forge/noarch/typing_extensions-4.11.0-pyha770c72_0.conda
  sha256: a7e8714d14f854058e971a6ed44f18cc37cc685f98ddefb2e6b7899a0cc4d1a2
  md5: 6ef2fc37559256cf682d8b3375e89b80
  depends:
  - python >=3.8
  license: PSF-2.0
  license_family: PSF
  size: 37583
  timestamp: 1712330089194
- kind: conda
  name: tzdata
  version: 2024a
  build: h0c530f3_0
  subdir: noarch
  noarch: generic
  url: https://conda.anaconda.org/conda-forge/noarch/tzdata-2024a-h0c530f3_0.conda
  sha256: 7b2b69c54ec62a243eb6fba2391b5e443421608c3ae5dbff938ad33ca8db5122
  md5: 161081fc7cec0bfda0d86d7cb595f8d8
  license: LicenseRef-Public-Domain
  size: 119815
  timestamp: 1706886945727
- kind: conda
  name: unicorn
  version: 2.0.1.post1
  build: hd590300_6
  build_number: 6
  subdir: linux-64
  url: https://conda.anaconda.org/conda-forge/linux-64/unicorn-2.0.1.post1-hd590300_6.conda
  sha256: edf08814d26db342c1dc56c8e1f0ccc4dbc4abfff790cd90623adf91c742384b
  md5: d1ecee3e5fd8cdad8d74b918c03bf86e
  depends:
  - libgcc-ng >=12
  license: LGPL-2.0-only AND GPL-2.0-only AND GPL-2.0-or-later
  size: 7507832
  timestamp: 1696174746219
- kind: conda
  name: uvicorn
  version: 0.29.0
  build: py312h7900ff3_0
  subdir: linux-64
  url: https://conda.anaconda.org/conda-forge/linux-64/uvicorn-0.29.0-py312h7900ff3_0.conda
  sha256: e1f0c882f3b17b6d13f31b214ab87657f53d15cd7b221301104e293044986d8c
  md5: 5abb5cedead2c9a8d616a1b8e5503be8
  depends:
  - click >=7.0
  - h11 >=0.8
  - python >=3.12,<3.13.0a0
  - python_abi 3.12.* *_cp312
  license: BSD-3-Clause
  license_family: BSD
  size: 126964
  timestamp: 1710932152563
- kind: conda
  name: xz
  version: 5.2.6
  build: h166bdaf_0
  subdir: linux-64
  url: https://conda.anaconda.org/conda-forge/linux-64/xz-5.2.6-h166bdaf_0.tar.bz2
  sha256: 03a6d28ded42af8a347345f82f3eebdd6807a08526d47899a42d62d319609162
  md5: 2161070d867d1b1204ea749c8eec4ef0
  depends:
  - libgcc-ng >=12
  license: LGPL-2.1 and GPL-2.0
  size: 418368
  timestamp: 1660346797927
- kind: conda
  name: zipp
  version: 3.17.0
  build: pyhd8ed1ab_0
  subdir: noarch
  noarch: python
  url: https://conda.anaconda.org/conda-forge/noarch/zipp-3.17.0-pyhd8ed1ab_0.conda
  sha256: bced1423fdbf77bca0a735187d05d9b9812d2163f60ab426fc10f11f92ecbe26
  md5: 2e4d6bc0b14e10f895fc6791a7d9b26a
  depends:
  - python >=3.8
  license: MIT
  license_family: MIT
  size: 18954
  timestamp: 1695255262261
